
Microsoft Visual Studio Solution File, Format Version 12.00
# Visual Studio Version 17
VisualStudioVersion = 17.5.33516.290
MinimumVisualStudioVersion = 10.0.40219.1
Project("{9A19103F-16F7-4668-BE54-9A1E7A4F7556}") = "Manager.API", "Services\Manager.API\Manager.API.csproj", "{3FD91755-59E6-4AB0-A325-CDB3C23EC784}"
EndProject
Project("{2150E333-8FDC-42A3-9474-1A3956D46DE8}") = "Services", "Services", "{70C49551-06C5-4607-A9C5-907B8E2DA5DA}"
EndProject
Project("{2150E333-8FDC-42A3-9474-1A3956D46DE8}") = "Data", "Data", "{9F238779-5EEB-48E1-9021-F469338D00A5}"
EndProject
Project("{9A19103F-16F7-4668-BE54-9A1E7A4F7556}") = "PMTDataAccess", "Data\PMTDataAccess\PMTDataAccess.csproj", "{5C319601-E54C-4E50-AE0A-99746F9B886A}"
EndProject
Project("{2150E333-8FDC-42A3-9474-1A3956D46DE8}") = "Utilities", "Utilities", "{5D22B583-7BC7-4B7A-8F1C-B982E23A8CCC}"
EndProject
Project("{9A19103F-16F7-4668-BE54-9A1E7A4F7556}") = "EventBus.Messages", "Utilities\EventBus.Messages\EventBus.Messages.csproj", "{0FD35767-98F4-43F7-883C-3DDECDC3FFDE}"
EndProject
Project("{9A19103F-16F7-4668-BE54-9A1E7A4F7556}") = "Member.API", "Services\Member.API\Member.API.csproj", "{E2628E98-99AF-493B-B5D9-7541646B6768}"
EndProject
Project("{2150E333-8FDC-42A3-9474-1A3956D46DE8}") = "ApiGateways", "ApiGateways", "{74A04E2E-A2E3-48FA-838B-4B03073784B1}"
EndProject
Project("{FAE04EC0-301F-11D3-BF4B-00C04F79EFBC}") = "OcelotApiGateway", "ApiGateways\OcelotApiGateway\OcelotApiGateway.csproj", "{7923EF9C-ED1C-4E11-B98E-57F1DA34E58B}"
EndProject
Project("{2150E333-8FDC-42A3-9474-1A3956D46DE8}") = "Authentication", "Authentication", "{9F42C3E4-C966-4C08-9749-35BBE308BD3E}"
EndProject
Project("{FAE04EC0-301F-11D3-BF4B-00C04F79EFBC}") = "Authentication.API", "Authentication\Authentication.API\Authentication.API.csproj", "{2820C88F-22AD-4281-B9C3-C8A65861C1CA}"
EndProject
Project("{E53339B2-1760-4266-BCC7-CA923CBCF16C}") = "docker-compose", "docker-compose.dcproj", "{0410AFE2-B410-43E6-8E07-B7609B4D37F8}"
EndProject
Global
	GlobalSection(SolutionConfigurationPlatforms) = preSolution
		Debug|Any CPU = Debug|Any CPU
		Release|Any CPU = Release|Any CPU
	EndGlobalSection
	GlobalSection(ProjectConfigurationPlatforms) = postSolution
		{3FD91755-59E6-4AB0-A325-CDB3C23EC784}.Debug|Any CPU.ActiveCfg = Debug|Any CPU
		{3FD91755-59E6-4AB0-A325-CDB3C23EC784}.Debug|Any CPU.Build.0 = Debug|Any CPU
		{3FD91755-59E6-4AB0-A325-CDB3C23EC784}.Release|Any CPU.ActiveCfg = Release|Any CPU
		{3FD91755-59E6-4AB0-A325-CDB3C23EC784}.Release|Any CPU.Build.0 = Release|Any CPU
		{5C319601-E54C-4E50-AE0A-99746F9B886A}.Debug|Any CPU.ActiveCfg = Debug|Any CPU
		{5C319601-E54C-4E50-AE0A-99746F9B886A}.Debug|Any CPU.Build.0 = Debug|Any CPU
		{5C319601-E54C-4E50-AE0A-99746F9B886A}.Release|Any CPU.ActiveCfg = Release|Any CPU
		{5C319601-E54C-4E50-AE0A-99746F9B886A}.Release|Any CPU.Build.0 = Release|Any CPU
		{0FD35767-98F4-43F7-883C-3DDECDC3FFDE}.Debug|Any CPU.ActiveCfg = Debug|Any CPU
		{0FD35767-98F4-43F7-883C-3DDECDC3FFDE}.Debug|Any CPU.Build.0 = Debug|Any CPU
		{0FD35767-98F4-43F7-883C-3DDECDC3FFDE}.Release|Any CPU.ActiveCfg = Release|Any CPU
		{0FD35767-98F4-43F7-883C-3DDECDC3FFDE}.Release|Any CPU.Build.0 = Release|Any CPU
		{E2628E98-99AF-493B-B5D9-7541646B6768}.Debug|Any CPU.ActiveCfg = Debug|Any CPU
		{E2628E98-99AF-493B-B5D9-7541646B6768}.Debug|Any CPU.Build.0 = Debug|Any CPU
		{E2628E98-99AF-493B-B5D9-7541646B6768}.Release|Any CPU.ActiveCfg = Release|Any CPU
		{E2628E98-99AF-493B-B5D9-7541646B6768}.Release|Any CPU.Build.0 = Release|Any CPU
		{7923EF9C-ED1C-4E11-B98E-57F1DA34E58B}.Debug|Any CPU.ActiveCfg = Debug|Any CPU
		{7923EF9C-ED1C-4E11-B98E-57F1DA34E58B}.Debug|Any CPU.Build.0 = Debug|Any CPU
		{7923EF9C-ED1C-4E11-B98E-57F1DA34E58B}.Release|Any CPU.ActiveCfg = Release|Any CPU
		{7923EF9C-ED1C-4E11-B98E-57F1DA34E58B}.Release|Any CPU.Build.0 = Release|Any CPU
		{2820C88F-22AD-4281-B9C3-C8A65861C1CA}.Debug|Any CPU.ActiveCfg = Debug|Any CPU
		{2820C88F-22AD-4281-B9C3-C8A65861C1CA}.Debug|Any CPU.Build.0 = Debug|Any CPU
		{2820C88F-22AD-4281-B9C3-C8A65861C1CA}.Release|Any CPU.ActiveCfg = Release|Any CPU
		{2820C88F-22AD-4281-B9C3-C8A65861C1CA}.Release|Any CPU.Build.0 = Release|Any CPU
		{0410AFE2-B410-43E6-8E07-B7609B4D37F8}.Debug|Any CPU.ActiveCfg = Debug|Any CPU
		{0410AFE2-B410-43E6-8E07-B7609B4D37F8}.Debug|Any CPU.Build.0 = Debug|Any CPU
		{0410AFE2-B410-43E6-8E07-B7609B4D37F8}.Release|Any CPU.ActiveCfg = Release|Any CPU
		{0410AFE2-B410-43E6-8E07-B7609B4D37F8}.Release|Any CPU.Build.0 = Release|Any CPU
	EndGlobalSection
	GlobalSection(SolutionProperties) = preSolution
		HideSolutionNode = FALSE
	EndGlobalSection
	GlobalSection(NestedProjects) = preSolution
		{3FD91755-59E6-4AB0-A325-CDB3C23EC784} = {70C49551-06C5-4607-A9C5-907B8E2DA5DA}
		{5C319601-E54C-4E50-AE0A-99746F9B886A} = {9F238779-5EEB-48E1-9021-F469338D00A5}
		{0FD35767-98F4-43F7-883C-3DDECDC3FFDE} = {5D22B583-7BC7-4B7A-8F1C-B982E23A8CCC}
		{E2628E98-99AF-493B-B5D9-7541646B6768} = {70C49551-06C5-4607-A9C5-907B8E2DA5DA}
		{7923EF9C-ED1C-4E11-B98E-57F1DA34E58B} = {74A04E2E-A2E3-48FA-838B-4B03073784B1}
		{2820C88F-22AD-4281-B9C3-C8A65861C1CA} = {9F42C3E4-C966-4C08-9749-35BBE308BD3E}
	EndGlobalSection
	GlobalSection(ExtensibilityGlobals) = postSolution
		SolutionGuid = {D4E55C6F-DAE8-4DB6-B58F-0AE364BB4CE9}
	EndGlobalSection
EndGlobal
